
Microsoft Visual Studio Solution File, Format Version 12.00
# Visual Studio 2013
VisualStudioVersion = 12.0.30501.0
MinimumVisualStudioVersion = 10.0.40219.1
Project("{FAE04EC0-301F-11D3-BF4B-00C04F79EFBC}") = "Quiron.LojaVirtual.Dominio", "Quiron.LojaVirtual.Dominio\Quiron.LojaVirtual.Dominio.csproj", "{D6D88FB0-F5E9-4AFD-BFF6-EAD5B7C2834C}"
EndProject
Project("{FAE04EC0-301F-11D3-BF4B-00C04F79EFBC}") = "Quiron.LojaVirtual.Web", "Quiron.LojaVirtual.Web\Quiron.LojaVirtual.Web.csproj", "{E080CCC0-D4AA-4D80-86A3-BA6643D317D6}"
EndProject
Project("{FAE04EC0-301F-11D3-BF4B-00C04F79EFBC}") = "Quiron.LojaVirtual.UnitTest", "Quiron.LojaVirtual.UnitTest\Quiron.LojaVirtual.UnitTest.csproj", "{175E4763-A63E-4425-909A-B7E6C4AE3E86}"
EndProject
Global
	GlobalSection(SolutionConfigurationPlatforms) = preSolution
		Debug|Any CPU = Debug|Any CPU
		Release|Any CPU = Release|Any CPU
	EndGlobalSection
	GlobalSection(ProjectConfigurationPlatforms) = postSolution
		{D6D88FB0-F5E9-4AFD-BFF6-EAD5B7C2834C}.Debug|Any CPU.ActiveCfg = Debug|Any CPU
		{D6D88FB0-F5E9-4AFD-BFF6-EAD5B7C2834C}.Debug|Any CPU.Build.0 = Debug|Any CPU
		{D6D88FB0-F5E9-4AFD-BFF6-EAD5B7C2834C}.Release|Any CPU.ActiveCfg = Release|Any CPU
		{D6D88FB0-F5E9-4AFD-BFF6-EAD5B7C2834C}.Release|Any CPU.Build.0 = Release|Any CPU
		{E080CCC0-D4AA-4D80-86A3-BA6643D317D6}.Debug|Any CPU.ActiveCfg = Debug|Any CPU
		{E080CCC0-D4AA-4D80-86A3-BA6643D317D6}.Debug|Any CPU.Build.0 = Debug|Any CPU
		{E080CCC0-D4AA-4D80-86A3-BA6643D317D6}.Release|Any CPU.ActiveCfg = Release|Any CPU
		{E080CCC0-D4AA-4D80-86A3-BA6643D317D6}.Release|Any CPU.Build.0 = Release|Any CPU
		{175E4763-A63E-4425-909A-B7E6C4AE3E86}.Debug|Any CPU.ActiveCfg = Debug|Any CPU
		{175E4763-A63E-4425-909A-B7E6C4AE3E86}.Debug|Any CPU.Build.0 = Debug|Any CPU
		{175E4763-A63E-4425-909A-B7E6C4AE3E86}.Release|Any CPU.ActiveCfg = Release|Any CPU
		{175E4763-A63E-4425-909A-B7E6C4AE3E86}.Release|Any CPU.Build.0 = Release|Any CPU
	EndGlobalSection
	GlobalSection(SolutionProperties) = preSolution
		HideSolutionNode = FALSE
	EndGlobalSection
EndGlobal
